// !$*UTF8*$!
{
	archiveVersion = 1;
	classes = {
	};
	objectVersion = 46;
	objects = {

/* Begin PBXBuildFile section */
		5CAE253E19E433A800DE3A8B /* MASCompositeConstraint.m in Sources */ = {isa = PBXBuildFile; fileRef = 5CAE252819E433A800DE3A8B /* MASCompositeConstraint.m */; };
		5CAE253F19E433A800DE3A8B /* MASConstraint.m in Sources */ = {isa = PBXBuildFile; fileRef = 5CAE252A19E433A800DE3A8B /* MASConstraint.m */; };
		5CAE254019E433A800DE3A8B /* MASConstraintMaker.m in Sources */ = {isa = PBXBuildFile; fileRef = 5CAE252D19E433A800DE3A8B /* MASConstraintMaker.m */; };
		5CAE254119E433A800DE3A8B /* MASLayoutConstraint.m in Sources */ = {isa = PBXBuildFile; fileRef = 5CAE252F19E433A800DE3A8B /* MASLayoutConstraint.m */; };
		5CAE254219E433A800DE3A8B /* MASViewAttribute.m in Sources */ = {isa = PBXBuildFile; fileRef = 5CAE253319E433A800DE3A8B /* MASViewAttribute.m */; };
		5CAE254319E433A800DE3A8B /* MASViewConstraint.m in Sources */ = {isa = PBXBuildFile; fileRef = 5CAE253519E433A800DE3A8B /* MASViewConstraint.m */; };
		5CAE254419E433A800DE3A8B /* NSArray+MASAdditions.m in Sources */ = {isa = PBXBuildFile; fileRef = 5CAE253719E433A800DE3A8B /* NSArray+MASAdditions.m */; };
		5CAE254519E433A800DE3A8B /* NSLayoutConstraint+MASDebugAdditions.m in Sources */ = {isa = PBXBuildFile; fileRef = 5CAE253A19E433A800DE3A8B /* NSLayoutConstraint+MASDebugAdditions.m */; };
		5CAE254619E433A800DE3A8B /* View+MASAdditions.m in Sources */ = {isa = PBXBuildFile; fileRef = 5CAE253C19E433A800DE3A8B /* View+MASAdditions.m */; };
		A3DB1845197424D500430EBE /* Foundation.framework in Frameworks */ = {isa = PBXBuildFile; fileRef = A3DB1844197424D500430EBE /* Foundation.framework */; };
		A3DB1847197424D500430EBE /* CoreGraphics.framework in Frameworks */ = {isa = PBXBuildFile; fileRef = A3DB1846197424D500430EBE /* CoreGraphics.framework */; };
		A3DB1849197424D500430EBE /* UIKit.framework in Frameworks */ = {isa = PBXBuildFile; fileRef = A3DB1848197424D500430EBE /* UIKit.framework */; };
		A3DB184F197424D500430EBE /* InfoPlist.strings in Resources */ = {isa = PBXBuildFile; fileRef = A3DB184D197424D500430EBE /* InfoPlist.strings */; };
		A3DB1851197424D500430EBE /* main.m in Sources */ = {isa = PBXBuildFile; fileRef = A3DB1850197424D500430EBE /* main.m */; };
		A3DB1855197424D500430EBE /* AppDelegate.m in Sources */ = {isa = PBXBuildFile; fileRef = A3DB1854197424D500430EBE /* AppDelegate.m */; };
		A3DB185D197424D500430EBE /* Images.xcassets in Resources */ = {isa = PBXBuildFile; fileRef = A3DB185C197424D500430EBE /* Images.xcassets */; };
		A3DB1864197424D500430EBE /* XCTest.framework in Frameworks */ = {isa = PBXBuildFile; fileRef = A3DB1863197424D500430EBE /* XCTest.framework */; };
		A3DB1865197424D500430EBE /* Foundation.framework in Frameworks */ = {isa = PBXBuildFile; fileRef = A3DB1844197424D500430EBE /* Foundation.framework */; };
		A3DB1866197424D500430EBE /* UIKit.framework in Frameworks */ = {isa = PBXBuildFile; fileRef = A3DB1848197424D500430EBE /* UIKit.framework */; };
		A3DB186E197424D500430EBE /* InfoPlist.strings in Resources */ = {isa = PBXBuildFile; fileRef = A3DB186C197424D500430EBE /* InfoPlist.strings */; };
		A3DB1870197424D500430EBE /* PinchNavExampleTests.m in Sources */ = {isa = PBXBuildFile; fileRef = A3DB186F197424D500430EBE /* PinchNavExampleTests.m */; };
		D01E6F391996F60C005405BE /* OneViewController.m in Sources */ = {isa = PBXBuildFile; fileRef = D01E6F371996F60C005405BE /* OneViewController.m */; };
		D01E6F3A1996F60C005405BE /* OneViewController.xib in Resources */ = {isa = PBXBuildFile; fileRef = D01E6F381996F60C005405BE /* OneViewController.xib */; };
		D01E6F3E1996F61A005405BE /* TwoViewController.m in Sources */ = {isa = PBXBuildFile; fileRef = D01E6F3C1996F61A005405BE /* TwoViewController.m */; };
		D01E6F3F1996F61A005405BE /* TwoViewController.xib in Resources */ = {isa = PBXBuildFile; fileRef = D01E6F3D1996F61A005405BE /* TwoViewController.xib */; };
		D01E6F461996F648005405BE /* ThreeViewController.m in Sources */ = {isa = PBXBuildFile; fileRef = D01E6F441996F648005405BE /* ThreeViewController.m */; };
		D01E6F471996F648005405BE /* ThreeViewController.xib in Resources */ = {isa = PBXBuildFile; fileRef = D01E6F451996F648005405BE /* ThreeViewController.xib */; };
		D01E6F4B1996F652005405BE /* FourViewController.m in Sources */ = {isa = PBXBuildFile; fileRef = D01E6F491996F652005405BE /* FourViewController.m */; };
		D01E6F4C1996F652005405BE /* FourViewController.xib in Resources */ = {isa = PBXBuildFile; fileRef = D01E6F4A1996F652005405BE /* FourViewController.xib */; };
		D01E6F501996F65D005405BE /* FiveViewController.m in Sources */ = {isa = PBXBuildFile; fileRef = D01E6F4E1996F65D005405BE /* FiveViewController.m */; };
		D01E6F511996F65D005405BE /* FiveViewController.xib in Resources */ = {isa = PBXBuildFile; fileRef = D01E6F4F1996F65D005405BE /* FiveViewController.xib */; };
		D043473A19893D8000FF85BD /* PinchNavigationButtonView.m in Sources */ = {isa = PBXBuildFile; fileRef = D043473719893D8000FF85BD /* PinchNavigationButtonView.m */; };
		D043473B19893D8000FF85BD /* PinchNavigationViewController.m in Sources */ = {isa = PBXBuildFile; fileRef = D043473919893D8000FF85BD /* PinchNavigationViewController.m */; };
/* End PBXBuildFile section */

/* Begin PBXContainerItemProxy section */
		A3DB1867197424D500430EBE /* PBXContainerItemProxy */ = {
			isa = PBXContainerItemProxy;
			containerPortal = A3DB1839197424D500430EBE /* Project object */;
			proxyType = 1;
			remoteGlobalIDString = A3DB1840197424D500430EBE;
			remoteInfo = PinchNavExample;
		};
/* End PBXContainerItemProxy section */

/* Begin PBXFileReference section */
		5CAE252719E433A800DE3A8B /* MASCompositeConstraint.h */ = {isa = PBXFileReference; fileEncoding = 4; lastKnownFileType = sourcecode.c.h; path = MASCompositeConstraint.h; sourceTree = "<group>"; };
		5CAE252819E433A800DE3A8B /* MASCompositeConstraint.m */ = {isa = PBXFileReference; fileEncoding = 4; lastKnownFileType = sourcecode.c.objc; path = MASCompositeConstraint.m; sourceTree = "<group>"; };
		5CAE252919E433A800DE3A8B /* MASConstraint.h */ = {isa = PBXFileReference; fileEncoding = 4; lastKnownFileType = sourcecode.c.h; path = MASConstraint.h; sourceTree = "<group>"; };
		5CAE252A19E433A800DE3A8B /* MASConstraint.m */ = {isa = PBXFileReference; fileEncoding = 4; lastKnownFileType = sourcecode.c.objc; path = MASConstraint.m; sourceTree = "<group>"; };
		5CAE252B19E433A800DE3A8B /* MASConstraint+Private.h */ = {isa = PBXFileReference; fileEncoding = 4; lastKnownFileType = sourcecode.c.h; path = "MASConstraint+Private.h"; sourceTree = "<group>"; };
		5CAE252C19E433A800DE3A8B /* MASConstraintMaker.h */ = {isa = PBXFileReference; fileEncoding = 4; lastKnownFileType = sourcecode.c.h; path = MASConstraintMaker.h; sourceTree = "<group>"; };
		5CAE252D19E433A800DE3A8B /* MASConstraintMaker.m */ = {isa = PBXFileReference; fileEncoding = 4; lastKnownFileType = sourcecode.c.objc; path = MASConstraintMaker.m; sourceTree = "<group>"; };
		5CAE252E19E433A800DE3A8B /* MASLayoutConstraint.h */ = {isa = PBXFileReference; fileEncoding = 4; lastKnownFileType = sourcecode.c.h; path = MASLayoutConstraint.h; sourceTree = "<group>"; };
		5CAE252F19E433A800DE3A8B /* MASLayoutConstraint.m */ = {isa = PBXFileReference; fileEncoding = 4; lastKnownFileType = sourcecode.c.objc; path = MASLayoutConstraint.m; sourceTree = "<group>"; };
		5CAE253019E433A800DE3A8B /* Masonry.h */ = {isa = PBXFileReference; fileEncoding = 4; lastKnownFileType = sourcecode.c.h; path = Masonry.h; sourceTree = "<group>"; };
		5CAE253119E433A800DE3A8B /* MASUtilities.h */ = {isa = PBXFileReference; fileEncoding = 4; lastKnownFileType = sourcecode.c.h; path = MASUtilities.h; sourceTree = "<group>"; };
		5CAE253219E433A800DE3A8B /* MASViewAttribute.h */ = {isa = PBXFileReference; fileEncoding = 4; lastKnownFileType = sourcecode.c.h; path = MASViewAttribute.h; sourceTree = "<group>"; };
		5CAE253319E433A800DE3A8B /* MASViewAttribute.m */ = {isa = PBXFileReference; fileEncoding = 4; lastKnownFileType = sourcecode.c.objc; path = MASViewAttribute.m; sourceTree = "<group>"; };
		5CAE253419E433A800DE3A8B /* MASViewConstraint.h */ = {isa = PBXFileReference; fileEncoding = 4; lastKnownFileType = sourcecode.c.h; path = MASViewConstraint.h; sourceTree = "<group>"; };
		5CAE253519E433A800DE3A8B /* MASViewConstraint.m */ = {isa = PBXFileReference; fileEncoding = 4; lastKnownFileType = sourcecode.c.objc; path = MASViewConstraint.m; sourceTree = "<group>"; };
		5CAE253619E433A800DE3A8B /* NSArray+MASAdditions.h */ = {isa = PBXFileReference; fileEncoding = 4; lastKnownFileType = sourcecode.c.h; path = "NSArray+MASAdditions.h"; sourceTree = "<group>"; };
		5CAE253719E433A800DE3A8B /* NSArray+MASAdditions.m */ = {isa = PBXFileReference; fileEncoding = 4; lastKnownFileType = sourcecode.c.objc; path = "NSArray+MASAdditions.m"; sourceTree = "<group>"; };
		5CAE253819E433A800DE3A8B /* NSArray+MASShorthandAdditions.h */ = {isa = PBXFileReference; fileEncoding = 4; lastKnownFileType = sourcecode.c.h; path = "NSArray+MASShorthandAdditions.h"; sourceTree = "<group>"; };
		5CAE253919E433A800DE3A8B /* NSLayoutConstraint+MASDebugAdditions.h */ = {isa = PBXFileReference; fileEncoding = 4; lastKnownFileType = sourcecode.c.h; path = "NSLayoutConstraint+MASDebugAdditions.h"; sourceTree = "<group>"; };
		5CAE253A19E433A800DE3A8B /* NSLayoutConstraint+MASDebugAdditions.m */ = {isa = PBXFileReference; fileEncoding = 4; lastKnownFileType = sourcecode.c.objc; path = "NSLayoutConstraint+MASDebugAdditions.m"; sourceTree = "<group>"; };
		5CAE253B19E433A800DE3A8B /* View+MASAdditions.h */ = {isa = PBXFileReference; fileEncoding = 4; lastKnownFileType = sourcecode.c.h; path = "View+MASAdditions.h"; sourceTree = "<group>"; };
		5CAE253C19E433A800DE3A8B /* View+MASAdditions.m */ = {isa = PBXFileReference; fileEncoding = 4; lastKnownFileType = sourcecode.c.objc; path = "View+MASAdditions.m"; sourceTree = "<group>"; };
		5CAE253D19E433A800DE3A8B /* View+MASShorthandAdditions.h */ = {isa = PBXFileReference; fileEncoding = 4; lastKnownFileType = sourcecode.c.h; path = "View+MASShorthandAdditions.h"; sourceTree = "<group>"; };
		A3DB1841197424D500430EBE /* PinchNavExample.app */ = {isa = PBXFileReference; explicitFileType = wrapper.application; includeInIndex = 0; path = PinchNavExample.app; sourceTree = BUILT_PRODUCTS_DIR; };
		A3DB1844197424D500430EBE /* Foundation.framework */ = {isa = PBXFileReference; lastKnownFileType = wrapper.framework; name = Foundation.framework; path = System/Library/Frameworks/Foundation.framework; sourceTree = SDKROOT; };
		A3DB1846197424D500430EBE /* CoreGraphics.framework */ = {isa = PBXFileReference; lastKnownFileType = wrapper.framework; name = CoreGraphics.framework; path = System/Library/Frameworks/CoreGraphics.framework; sourceTree = SDKROOT; };
		A3DB1848197424D500430EBE /* UIKit.framework */ = {isa = PBXFileReference; lastKnownFileType = wrapper.framework; name = UIKit.framework; path = System/Library/Frameworks/UIKit.framework; sourceTree = SDKROOT; };
		A3DB184C197424D500430EBE /* PinchNavExample-Info.plist */ = {isa = PBXFileReference; lastKnownFileType = text.plist.xml; path = "PinchNavExample-Info.plist"; sourceTree = "<group>"; };
		A3DB184E197424D500430EBE /* en */ = {isa = PBXFileReference; lastKnownFileType = text.plist.strings; name = en; path = en.lproj/InfoPlist.strings; sourceTree = "<group>"; };
		A3DB1850197424D500430EBE /* main.m */ = {isa = PBXFileReference; lastKnownFileType = sourcecode.c.objc; path = main.m; sourceTree = "<group>"; };
		A3DB1852197424D500430EBE /* PinchNavExample-Prefix.pch */ = {isa = PBXFileReference; lastKnownFileType = sourcecode.c.h; path = "PinchNavExample-Prefix.pch"; sourceTree = "<group>"; };
		A3DB1853197424D500430EBE /* AppDelegate.h */ = {isa = PBXFileReference; lastKnownFileType = sourcecode.c.h; path = AppDelegate.h; sourceTree = "<group>"; };
		A3DB1854197424D500430EBE /* AppDelegate.m */ = {isa = PBXFileReference; lastKnownFileType = sourcecode.c.objc; path = AppDelegate.m; sourceTree = "<group>"; };
		A3DB185C197424D500430EBE /* Images.xcassets */ = {isa = PBXFileReference; lastKnownFileType = folder.assetcatalog; path = Images.xcassets; sourceTree = "<group>"; };
		A3DB1862197424D500430EBE /* PinchNavExampleTests.xctest */ = {isa = PBXFileReference; explicitFileType = wrapper.cfbundle; includeInIndex = 0; path = PinchNavExampleTests.xctest; sourceTree = BUILT_PRODUCTS_DIR; };
		A3DB1863197424D500430EBE /* XCTest.framework */ = {isa = PBXFileReference; lastKnownFileType = wrapper.framework; name = XCTest.framework; path = Library/Frameworks/XCTest.framework; sourceTree = DEVELOPER_DIR; };
		A3DB186B197424D500430EBE /* PinchNavExampleTests-Info.plist */ = {isa = PBXFileReference; lastKnownFileType = text.plist.xml; path = "PinchNavExampleTests-Info.plist"; sourceTree = "<group>"; };
		A3DB186D197424D500430EBE /* en */ = {isa = PBXFileReference; lastKnownFileType = text.plist.strings; name = en; path = en.lproj/InfoPlist.strings; sourceTree = "<group>"; };
		A3DB186F197424D500430EBE /* PinchNavExampleTests.m */ = {isa = PBXFileReference; lastKnownFileType = sourcecode.c.objc; path = PinchNavExampleTests.m; sourceTree = "<group>"; };
		D01E6F361996F60C005405BE /* OneViewController.h */ = {isa = PBXFileReference; fileEncoding = 4; lastKnownFileType = sourcecode.c.h; path = OneViewController.h; sourceTree = "<group>"; };
		D01E6F371996F60C005405BE /* OneViewController.m */ = {isa = PBXFileReference; fileEncoding = 4; lastKnownFileType = sourcecode.c.objc; path = OneViewController.m; sourceTree = "<group>"; };
		D01E6F381996F60C005405BE /* OneViewController.xib */ = {isa = PBXFileReference; fileEncoding = 4; lastKnownFileType = file.xib; path = OneViewController.xib; sourceTree = "<group>"; };
		D01E6F3B1996F61A005405BE /* TwoViewController.h */ = {isa = PBXFileReference; fileEncoding = 4; lastKnownFileType = sourcecode.c.h; path = TwoViewController.h; sourceTree = "<group>"; };
		D01E6F3C1996F61A005405BE /* TwoViewController.m */ = {isa = PBXFileReference; fileEncoding = 4; lastKnownFileType = sourcecode.c.objc; path = TwoViewController.m; sourceTree = "<group>"; };
		D01E6F3D1996F61A005405BE /* TwoViewController.xib */ = {isa = PBXFileReference; fileEncoding = 4; lastKnownFileType = file.xib; path = TwoViewController.xib; sourceTree = "<group>"; };
		D01E6F431996F648005405BE /* ThreeViewController.h */ = {isa = PBXFileReference; fileEncoding = 4; lastKnownFileType = sourcecode.c.h; path = ThreeViewController.h; sourceTree = "<group>"; };
		D01E6F441996F648005405BE /* ThreeViewController.m */ = {isa = PBXFileReference; fileEncoding = 4; lastKnownFileType = sourcecode.c.objc; path = ThreeViewController.m; sourceTree = "<group>"; };
		D01E6F451996F648005405BE /* ThreeViewController.xib */ = {isa = PBXFileReference; fileEncoding = 4; lastKnownFileType = file.xib; path = ThreeViewController.xib; sourceTree = "<group>"; };
		D01E6F481996F652005405BE /* FourViewController.h */ = {isa = PBXFileReference; fileEncoding = 4; lastKnownFileType = sourcecode.c.h; path = FourViewController.h; sourceTree = "<group>"; };
		D01E6F491996F652005405BE /* FourViewController.m */ = {isa = PBXFileReference; fileEncoding = 4; lastKnownFileType = sourcecode.c.objc; path = FourViewController.m; sourceTree = "<group>"; };
		D01E6F4A1996F652005405BE /* FourViewController.xib */ = {isa = PBXFileReference; fileEncoding = 4; lastKnownFileType = file.xib; path = FourViewController.xib; sourceTree = "<group>"; };
		D01E6F4D1996F65D005405BE /* FiveViewController.h */ = {isa = PBXFileReference; fileEncoding = 4; lastKnownFileType = sourcecode.c.h; path = FiveViewController.h; sourceTree = "<group>"; };
		D01E6F4E1996F65D005405BE /* FiveViewController.m */ = {isa = PBXFileReference; fileEncoding = 4; lastKnownFileType = sourcecode.c.objc; path = FiveViewController.m; sourceTree = "<group>"; };
		D01E6F4F1996F65D005405BE /* FiveViewController.xib */ = {isa = PBXFileReference; fileEncoding = 4; lastKnownFileType = file.xib; path = FiveViewController.xib; sourceTree = "<group>"; };
		D043473619893D8000FF85BD /* PinchNavigationButtonView.h */ = {isa = PBXFileReference; fileEncoding = 4; lastKnownFileType = sourcecode.c.h; name = PinchNavigationButtonView.h; path = ../PinchNav/PinchNavigationButtonView.h; sourceTree = "<group>"; };
		D043473719893D8000FF85BD /* PinchNavigationButtonView.m */ = {isa = PBXFileReference; fileEncoding = 4; lastKnownFileType = sourcecode.c.objc; name = PinchNavigationButtonView.m; path = ../PinchNav/PinchNavigationButtonView.m; sourceTree = "<group>"; };
		D043473819893D8000FF85BD /* PinchNavigationViewController.h */ = {isa = PBXFileReference; fileEncoding = 4; lastKnownFileType = sourcecode.c.h; name = PinchNavigationViewController.h; path = ../PinchNav/PinchNavigationViewController.h; sourceTree = "<group>"; };
		D043473919893D8000FF85BD /* PinchNavigationViewController.m */ = {isa = PBXFileReference; fileEncoding = 4; lastKnownFileType = sourcecode.c.objc; name = PinchNavigationViewController.m; path = ../PinchNav/PinchNavigationViewController.m; sourceTree = "<group>"; };
/* End PBXFileReference section */

/* Begin PBXFrameworksBuildPhase section */
		A3DB183E197424D500430EBE /* Frameworks */ = {
			isa = PBXFrameworksBuildPhase;
			buildActionMask = 2147483647;
			files = (
				A3DB1847197424D500430EBE /* CoreGraphics.framework in Frameworks */,
				A3DB1849197424D500430EBE /* UIKit.framework in Frameworks */,
				A3DB1845197424D500430EBE /* Foundation.framework in Frameworks */,
			);
			runOnlyForDeploymentPostprocessing = 0;
		};
		A3DB185F197424D500430EBE /* Frameworks */ = {
			isa = PBXFrameworksBuildPhase;
			buildActionMask = 2147483647;
			files = (
				A3DB1864197424D500430EBE /* XCTest.framework in Frameworks */,
				A3DB1866197424D500430EBE /* UIKit.framework in Frameworks */,
				A3DB1865197424D500430EBE /* Foundation.framework in Frameworks */,
			);
			runOnlyForDeploymentPostprocessing = 0;
		};
/* End PBXFrameworksBuildPhase section */

/* Begin PBXGroup section */
		5CAE252619E4339C00DE3A8B /* Masonry */ = {
			isa = PBXGroup;
			children = (
				5CAE252719E433A800DE3A8B /* MASCompositeConstraint.h */,
				5CAE252819E433A800DE3A8B /* MASCompositeConstraint.m */,
				5CAE252919E433A800DE3A8B /* MASConstraint.h */,
				5CAE252A19E433A800DE3A8B /* MASConstraint.m */,
				5CAE252B19E433A800DE3A8B /* MASConstraint+Private.h */,
				5CAE252C19E433A800DE3A8B /* MASConstraintMaker.h */,
				5CAE252D19E433A800DE3A8B /* MASConstraintMaker.m */,
				5CAE252E19E433A800DE3A8B /* MASLayoutConstraint.h */,
				5CAE252F19E433A800DE3A8B /* MASLayoutConstraint.m */,
				5CAE253019E433A800DE3A8B /* Masonry.h */,
				5CAE253119E433A800DE3A8B /* MASUtilities.h */,
				5CAE253219E433A800DE3A8B /* MASViewAttribute.h */,
				5CAE253319E433A800DE3A8B /* MASViewAttribute.m */,
				5CAE253419E433A800DE3A8B /* MASViewConstraint.h */,
				5CAE253519E433A800DE3A8B /* MASViewConstraint.m */,
				5CAE253619E433A800DE3A8B /* NSArray+MASAdditions.h */,
				5CAE253719E433A800DE3A8B /* NSArray+MASAdditions.m */,
				5CAE253819E433A800DE3A8B /* NSArray+MASShorthandAdditions.h */,
				5CAE253919E433A800DE3A8B /* NSLayoutConstraint+MASDebugAdditions.h */,
				5CAE253A19E433A800DE3A8B /* NSLayoutConstraint+MASDebugAdditions.m */,
				5CAE253B19E433A800DE3A8B /* View+MASAdditions.h */,
				5CAE253C19E433A800DE3A8B /* View+MASAdditions.m */,
				5CAE253D19E433A800DE3A8B /* View+MASShorthandAdditions.h */,
			);
			name = Masonry;
			sourceTree = "<group>";
		};
		A3DB1838197424D500430EBE = {
			isa = PBXGroup;
			children = (
				5CAE252619E4339C00DE3A8B /* Masonry */,
				A3DB18791974250100430EBE /* PinchNav */,
				A3DB184A197424D500430EBE /* PinchNavExample */,
				A3DB1869197424D500430EBE /* PinchNavExampleTests */,
				A3DB1843197424D500430EBE /* Frameworks */,
				A3DB1842197424D500430EBE /* Products */,
			);
			sourceTree = "<group>";
		};
		A3DB1842197424D500430EBE /* Products */ = {
			isa = PBXGroup;
			children = (
				A3DB1841197424D500430EBE /* PinchNavExample.app */,
				A3DB1862197424D500430EBE /* PinchNavExampleTests.xctest */,
			);
			name = Products;
			sourceTree = "<group>";
		};
		A3DB1843197424D500430EBE /* Frameworks */ = {
			isa = PBXGroup;
			children = (
				A3DB1844197424D500430EBE /* Foundation.framework */,
				A3DB1846197424D500430EBE /* CoreGraphics.framework */,
				A3DB1848197424D500430EBE /* UIKit.framework */,
				A3DB1863197424D500430EBE /* XCTest.framework */,
			);
			name = Frameworks;
			sourceTree = "<group>";
		};
		A3DB184A197424D500430EBE /* PinchNavExample */ = {
			isa = PBXGroup;
			children = (
				A3DB1853197424D500430EBE /* AppDelegate.h */,
				A3DB1854197424D500430EBE /* AppDelegate.m */,
				D01E6F361996F60C005405BE /* OneViewController.h */,
				D01E6F371996F60C005405BE /* OneViewController.m */,
				D01E6F381996F60C005405BE /* OneViewController.xib */,
				D01E6F3B1996F61A005405BE /* TwoViewController.h */,
				D01E6F3C1996F61A005405BE /* TwoViewController.m */,
				D01E6F3D1996F61A005405BE /* TwoViewController.xib */,
				D01E6F431996F648005405BE /* ThreeViewController.h */,
				D01E6F441996F648005405BE /* ThreeViewController.m */,
				D01E6F451996F648005405BE /* ThreeViewController.xib */,
				D01E6F481996F652005405BE /* FourViewController.h */,
				D01E6F491996F652005405BE /* FourViewController.m */,
				D01E6F4A1996F652005405BE /* FourViewController.xib */,
				D01E6F4D1996F65D005405BE /* FiveViewController.h */,
				D01E6F4E1996F65D005405BE /* FiveViewController.m */,
				D01E6F4F1996F65D005405BE /* FiveViewController.xib */,
				A3DB185C197424D500430EBE /* Images.xcassets */,
				A3DB184B197424D500430EBE /* Supporting Files */,
			);
			path = PinchNavExample;
			sourceTree = "<group>";
		};
		A3DB184B197424D500430EBE /* Supporting Files */ = {
			isa = PBXGroup;
			children = (
				A3DB184C197424D500430EBE /* PinchNavExample-Info.plist */,
				A3DB184D197424D500430EBE /* InfoPlist.strings */,
				A3DB1850197424D500430EBE /* main.m */,
				A3DB1852197424D500430EBE /* PinchNavExample-Prefix.pch */,
			);
			name = "Supporting Files";
			sourceTree = "<group>";
		};
		A3DB1869197424D500430EBE /* PinchNavExampleTests */ = {
			isa = PBXGroup;
			children = (
				A3DB186F197424D500430EBE /* PinchNavExampleTests.m */,
				A3DB186A197424D500430EBE /* Supporting Files */,
			);
			path = PinchNavExampleTests;
			sourceTree = "<group>";
		};
		A3DB186A197424D500430EBE /* Supporting Files */ = {
			isa = PBXGroup;
			children = (
				A3DB186B197424D500430EBE /* PinchNavExampleTests-Info.plist */,
				A3DB186C197424D500430EBE /* InfoPlist.strings */,
			);
			name = "Supporting Files";
			sourceTree = "<group>";
		};
		A3DB18791974250100430EBE /* PinchNav */ = {
			isa = PBXGroup;
			children = (
				D043473619893D8000FF85BD /* PinchNavigationButtonView.h */,
				D043473719893D8000FF85BD /* PinchNavigationButtonView.m */,
				D043473819893D8000FF85BD /* PinchNavigationViewController.h */,
				D043473919893D8000FF85BD /* PinchNavigationViewController.m */,
			);
			name = PinchNav;
			sourceTree = "<group>";
		};
/* End PBXGroup section */

/* Begin PBXNativeTarget section */
		A3DB1840197424D500430EBE /* PinchNavExample */ = {
			isa = PBXNativeTarget;
			buildConfigurationList = A3DB1873197424D500430EBE /* Build configuration list for PBXNativeTarget "PinchNavExample" */;
			buildPhases = (
				A3DB183D197424D500430EBE /* Sources */,
				A3DB183E197424D500430EBE /* Frameworks */,
				A3DB183F197424D500430EBE /* Resources */,
			);
			buildRules = (
			);
			dependencies = (
			);
			name = PinchNavExample;
			productName = PinchNavExample;
			productReference = A3DB1841197424D500430EBE /* PinchNavExample.app */;
			productType = "com.apple.product-type.application";
		};
		A3DB1861197424D500430EBE /* PinchNavExampleTests */ = {
			isa = PBXNativeTarget;
			buildConfigurationList = A3DB1876197424D500430EBE /* Build configuration list for PBXNativeTarget "PinchNavExampleTests" */;
			buildPhases = (
				A3DB185E197424D500430EBE /* Sources */,
				A3DB185F197424D500430EBE /* Frameworks */,
				A3DB1860197424D500430EBE /* Resources */,
			);
			buildRules = (
			);
			dependencies = (
				A3DB1868197424D500430EBE /* PBXTargetDependency */,
			);
			name = PinchNavExampleTests;
			productName = PinchNavExampleTests;
			productReference = A3DB1862197424D500430EBE /* PinchNavExampleTests.xctest */;
			productType = "com.apple.product-type.bundle.unit-test";
		};
/* End PBXNativeTarget section */

/* Begin PBXProject section */
		A3DB1839197424D500430EBE /* Project object */ = {
			isa = PBXProject;
			attributes = {
				LastUpgradeCheck = 0510;
				ORGANIZATIONNAME = justinpoliachik;
				TargetAttributes = {
					A3DB1861197424D500430EBE = {
						TestTargetID = A3DB1840197424D500430EBE;
					};
				};
			};
			buildConfigurationList = A3DB183C197424D500430EBE /* Build configuration list for PBXProject "PinchNavExample" */;
			compatibilityVersion = "Xcode 3.2";
			developmentRegion = English;
			hasScannedForEncodings = 0;
			knownRegions = (
				en,
				Base,
			);
			mainGroup = A3DB1838197424D500430EBE;
			productRefGroup = A3DB1842197424D500430EBE /* Products */;
			projectDirPath = "";
			projectRoot = "";
			targets = (
				A3DB1840197424D500430EBE /* PinchNavExample */,
				A3DB1861197424D500430EBE /* PinchNavExampleTests */,
			);
		};
/* End PBXProject section */

/* Begin PBXResourcesBuildPhase section */
		A3DB183F197424D500430EBE /* Resources */ = {
			isa = PBXResourcesBuildPhase;
			buildActionMask = 2147483647;
			files = (
				D01E6F471996F648005405BE /* ThreeViewController.xib in Resources */,
				D01E6F4C1996F652005405BE /* FourViewController.xib in Resources */,
				A3DB185D197424D500430EBE /* Images.xcassets in Resources */,
				D01E6F3F1996F61A005405BE /* TwoViewController.xib in Resources */,
				A3DB184F197424D500430EBE /* InfoPlist.strings in Resources */,
				D01E6F511996F65D005405BE /* FiveViewController.xib in Resources */,
				D01E6F3A1996F60C005405BE /* OneViewController.xib in Resources */,
			);
			runOnlyForDeploymentPostprocessing = 0;
		};
		A3DB1860197424D500430EBE /* Resources */ = {
			isa = PBXResourcesBuildPhase;
			buildActionMask = 2147483647;
			files = (
				A3DB186E197424D500430EBE /* InfoPlist.strings in Resources */,
			);
			runOnlyForDeploymentPostprocessing = 0;
		};
/* End PBXResourcesBuildPhase section */

/* Begin PBXSourcesBuildPhase section */
		A3DB183D197424D500430EBE /* Sources */ = {
			isa = PBXSourcesBuildPhase;
			buildActionMask = 2147483647;
			files = (
				5CAE254319E433A800DE3A8B /* MASViewConstraint.m in Sources */,
				A3DB1855197424D500430EBE /* AppDelegate.m in Sources */,
				5CAE254219E433A800DE3A8B /* MASViewAttribute.m in Sources */,
				A3DB1851197424D500430EBE /* main.m in Sources */,
				D01E6F4B1996F652005405BE /* FourViewController.m in Sources */,
				D043473A19893D8000FF85BD /* PinchNavigationButtonView.m in Sources */,
				5CAE253E19E433A800DE3A8B /* MASCompositeConstraint.m in Sources */,
				5CAE254019E433A800DE3A8B /* MASConstraintMaker.m in Sources */,
				5CAE254619E433A800DE3A8B /* View+MASAdditions.m in Sources */,
				5CAE254119E433A800DE3A8B /* MASLayoutConstraint.m in Sources */,
				5CAE253F19E433A800DE3A8B /* MASConstraint.m in Sources */,
				D043473B19893D8000FF85BD /* PinchNavigationViewController.m in Sources */,
				D01E6F391996F60C005405BE /* OneViewController.m in Sources */,
				5CAE254419E433A800DE3A8B /* NSArray+MASAdditions.m in Sources */,
				5CAE254519E433A800DE3A8B /* NSLayoutConstraint+MASDebugAdditions.m in Sources */,
				D01E6F461996F648005405BE /* ThreeViewController.m in Sources */,
				D01E6F501996F65D005405BE /* FiveViewController.m in Sources */,
				D01E6F3E1996F61A005405BE /* TwoViewController.m in Sources */,
			);
			runOnlyForDeploymentPostprocessing = 0;
		};
		A3DB185E197424D500430EBE /* Sources */ = {
			isa = PBXSourcesBuildPhase;
			buildActionMask = 2147483647;
			files = (
				A3DB1870197424D500430EBE /* PinchNavExampleTests.m in Sources */,
			);
			runOnlyForDeploymentPostprocessing = 0;
		};
/* End PBXSourcesBuildPhase section */

/* Begin PBXTargetDependency section */
		A3DB1868197424D500430EBE /* PBXTargetDependency */ = {
			isa = PBXTargetDependency;
			target = A3DB1840197424D500430EBE /* PinchNavExample */;
			targetProxy = A3DB1867197424D500430EBE /* PBXContainerItemProxy */;
		};
/* End PBXTargetDependency section */

/* Begin PBXVariantGroup section */
		A3DB184D197424D500430EBE /* InfoPlist.strings */ = {
			isa = PBXVariantGroup;
			children = (
				A3DB184E197424D500430EBE /* en */,
			);
			name = InfoPlist.strings;
			sourceTree = "<group>";
		};
		A3DB186C197424D500430EBE /* InfoPlist.strings */ = {
			isa = PBXVariantGroup;
			children = (
				A3DB186D197424D500430EBE /* en */,
			);
			name = InfoPlist.strings;
			sourceTree = "<group>";
		};
/* End PBXVariantGroup section */

/* Begin XCBuildConfiguration section */
		A3DB1871197424D500430EBE /* Debug */ = {
			isa = XCBuildConfiguration;
			buildSettings = {
				ALWAYS_SEARCH_USER_PATHS = NO;
				CLANG_CXX_LANGUAGE_STANDARD = "gnu++0x";
				CLANG_CXX_LIBRARY = "libc++";
				CLANG_ENABLE_MODULES = YES;
				CLANG_ENABLE_OBJC_ARC = YES;
				CLANG_WARN_BOOL_CONVERSION = YES;
				CLANG_WARN_CONSTANT_CONVERSION = YES;
				CLANG_WARN_DIRECT_OBJC_ISA_USAGE = YES_ERROR;
				CLANG_WARN_EMPTY_BODY = YES;
				CLANG_WARN_ENUM_CONVERSION = YES;
				CLANG_WARN_INT_CONVERSION = YES;
				CLANG_WARN_OBJC_ROOT_CLASS = YES_ERROR;
				CLANG_WARN__DUPLICATE_METHOD_MATCH = YES;
				"CODE_SIGN_IDENTITY[sdk=iphoneos*]" = "iPhone Developer";
				COPY_PHASE_STRIP = NO;
				GCC_C_LANGUAGE_STANDARD = gnu99;
				GCC_DYNAMIC_NO_PIC = NO;
				GCC_OPTIMIZATION_LEVEL = 0;
				GCC_PREPROCESSOR_DEFINITIONS = (
					"DEBUG=1",
					"$(inherited)",
				);
				GCC_SYMBOLS_PRIVATE_EXTERN = NO;
				GCC_WARN_64_TO_32_BIT_CONVERSION = YES;
				GCC_WARN_ABOUT_RETURN_TYPE = YES_ERROR;
				GCC_WARN_UNDECLARED_SELECTOR = YES;
				GCC_WARN_UNINITIALIZED_AUTOS = YES_AGGRESSIVE;
				GCC_WARN_UNUSED_FUNCTION = YES;
				GCC_WARN_UNUSED_VARIABLE = YES;
				IPHONEOS_DEPLOYMENT_TARGET = 7.1;
				ONLY_ACTIVE_ARCH = YES;
				SDKROOT = iphoneos;
			};
			name = Debug;
		};
		A3DB1872197424D500430EBE /* Release */ = {
			isa = XCBuildConfiguration;
			buildSettings = {
				ALWAYS_SEARCH_USER_PATHS = NO;
				CLANG_CXX_LANGUAGE_STANDARD = "gnu++0x";
				CLANG_CXX_LIBRARY = "libc++";
				CLANG_ENABLE_MODULES = YES;
				CLANG_ENABLE_OBJC_ARC = YES;
				CLANG_WARN_BOOL_CONVERSION = YES;
				CLANG_WARN_CONSTANT_CONVERSION = YES;
				CLANG_WARN_DIRECT_OBJC_ISA_USAGE = YES_ERROR;
				CLANG_WARN_EMPTY_BODY = YES;
				CLANG_WARN_ENUM_CONVERSION = YES;
				CLANG_WARN_INT_CONVERSION = YES;
				CLANG_WARN_OBJC_ROOT_CLASS = YES_ERROR;
				CLANG_WARN__DUPLICATE_METHOD_MATCH = YES;
				"CODE_SIGN_IDENTITY[sdk=iphoneos*]" = "iPhone Developer";
				COPY_PHASE_STRIP = YES;
				ENABLE_NS_ASSERTIONS = NO;
				GCC_C_LANGUAGE_STANDARD = gnu99;
				GCC_WARN_64_TO_32_BIT_CONVERSION = YES;
				GCC_WARN_ABOUT_RETURN_TYPE = YES_ERROR;
				GCC_WARN_UNDECLARED_SELECTOR = YES;
				GCC_WARN_UNINITIALIZED_AUTOS = YES_AGGRESSIVE;
				GCC_WARN_UNUSED_FUNCTION = YES;
				GCC_WARN_UNUSED_VARIABLE = YES;
				IPHONEOS_DEPLOYMENT_TARGET = 7.1;
				SDKROOT = iphoneos;
				VALIDATE_PRODUCT = YES;
			};
			name = Release;
		};
		A3DB1874197424D500430EBE /* Debug */ = {
			isa = XCBuildConfiguration;
			buildSettings = {
				ASSETCATALOG_COMPILER_APPICON_NAME = AppIcon;
				ASSETCATALOG_COMPILER_LAUNCHIMAGE_NAME = LaunchImage;
				GCC_PRECOMPILE_PREFIX_HEADER = YES;
				GCC_PREFIX_HEADER = "PinchNavExample/PinchNavExample-Prefix.pch";
				INFOPLIST_FILE = "PinchNavExample/PinchNavExample-Info.plist";
				IPHONEOS_DEPLOYMENT_TARGET = 7.0;
				PRODUCT_NAME = "$(TARGET_NAME)";
				TARGETED_DEVICE_FAMILY = 1;
				WRAPPER_EXTENSION = app;
			};
			name = Debug;
		};
		A3DB1875197424D500430EBE /* Release */ = {
			isa = XCBuildConfiguration;
			buildSettings = {
				ASSETCATALOG_COMPILER_APPICON_NAME = AppIcon;
				ASSETCATALOG_COMPILER_LAUNCHIMAGE_NAME = LaunchImage;
				GCC_PRECOMPILE_PREFIX_HEADER = YES;
				GCC_PREFIX_HEADER = "PinchNavExample/PinchNavExample-Prefix.pch";
				INFOPLIST_FILE = "PinchNavExample/PinchNavExample-Info.plist";
				IPHONEOS_DEPLOYMENT_TARGET = 7.0;
				PRODUCT_NAME = "$(TARGET_NAME)";
				TARGETED_DEVICE_FAMILY = 1;
				WRAPPER_EXTENSION = app;
			};
			name = Release;
		};
		A3DB1877197424D500430EBE /* Debug */ = {
			isa = XCBuildConfiguration;
			buildSettings = {
				BUNDLE_LOADER = "$(BUILT_PRODUCTS_DIR)/PinchNavExample.app/PinchNavExample";
				FRAMEWORK_SEARCH_PATHS = (
					"$(SDKROOT)/Developer/Library/Frameworks",
					"$(inherited)",
					"$(DEVELOPER_FRAMEWORKS_DIR)",
				);
				GCC_PRECOMPILE_PREFIX_HEADER = YES;
				GCC_PREFIX_HEADER = "PinchNavExample/PinchNavExample-Prefix.pch";
				GCC_PREPROCESSOR_DEFINITIONS = (
					"DEBUG=1",
					"$(inherited)",
				);
				INFOPLIST_FILE = "PinchNavExampleTests/PinchNavExampleTests-Info.plist";
				PRODUCT_NAME = "$(TARGET_NAME)";
				TEST_HOST = "$(BUNDLE_LOADER)";
				WRAPPER_EXTENSION = xctest;
			};
			name = Debug;
		};
		A3DB1878197424D500430EBE /* Release */ = {
			isa = XCBuildConfiguration;
			buildSettings = {
				BUNDLE_LOADER = "$(BUILT_PRODUCTS_DIR)/PinchNavExample.app/PinchNavExample";
				FRAMEWORK_SEARCH_PATHS = (
					"$(SDKROOT)/Developer/Library/Frameworks",
					"$(inherited)",
					"$(DEVELOPER_FRAMEWORKS_DIR)",
				);
				GCC_PRECOMPILE_PREFIX_HEADER = YES;
				GCC_PREFIX_HEADER = "PinchNavExample/PinchNavExample-Prefix.pch";
				INFOPLIST_FILE = "PinchNavExampleTests/PinchNavExampleTests-Info.plist";
				PRODUCT_NAME = "$(TARGET_NAME)";
				TEST_HOST = "$(BUNDLE_LOADER)";
				WRAPPER_EXTENSION = xctest;
			};
			name = Release;
		};
/* End XCBuildConfiguration section */

/* Begin XCConfigurationList section */
		A3DB183C197424D500430EBE /* Build configuration list for PBXProject "PinchNavExample" */ = {
			isa = XCConfigurationList;
			buildConfigurations = (
				A3DB1871197424D500430EBE /* Debug */,
				A3DB1872197424D500430EBE /* Release */,
			);
			defaultConfigurationIsVisible = 0;
			defaultConfigurationName = Release;
		};
		A3DB1873197424D500430EBE /* Build configuration list for PBXNativeTarget "PinchNavExample" */ = {
			isa = XCConfigurationList;
			buildConfigurations = (
				A3DB1874197424D500430EBE /* Debug */,
				A3DB1875197424D500430EBE /* Release */,
			);
			defaultConfigurationIsVisible = 0;
			defaultConfigurationName = Release;
		};
		A3DB1876197424D500430EBE /* Build configuration list for PBXNativeTarget "PinchNavExampleTests" */ = {
			isa = XCConfigurationList;
			buildConfigurations = (
				A3DB1877197424D500430EBE /* Debug */,
				A3DB1878197424D500430EBE /* Release */,
			);
			defaultConfigurationIsVisible = 0;
			defaultConfigurationName = Release;
		};
/* End XCConfigurationList section */
	};
	rootObject = A3DB1839197424D500430EBE /* Project object */;
}
